# @generated - this file is auto-generated by `mise lock` https://mise.en.dev/dev-tools/mise-lock.html

[[tools."aqua:gum"]]
version = "0.17.0"
backend = "aqua:gum"

[tools."aqua:gum"."platforms.linux-arm64"]
checksum = "sha256:b0b9ed95cbf7c8b7073f17b9591811f5c001e33c7cfd066ca83ce8a07c576f9c"
url = "https://github.com/charmbracelet/gum/releases/download/v0.17.0/gum_0.17.0_Linux_arm64.tar.gz"

[tools."aqua:gum"."platforms.linux-arm64-musl"]
checksum = "sha256:b0b9ed95cbf7c8b7073f17b9591811f5c001e33c7cfd066ca83ce8a07c576f9c"
url = "https://github.com/charmbracelet/gum/releases/download/v0.17.0/gum_0.17.0_Linux_arm64.tar.gz"

[tools."aqua:gum"."platforms.linux-x64"]
checksum = "sha256:69ee169bd6387331928864e94d47ed01ef649fbfe875baed1bbf27b5377a6fdb"
url = "https://github.com/charmbracelet/gum/releases/download/v0.17.0/gum_0.17.0_Linux_x86_64.tar.gz"

[tools."aqua:gum"."platforms.linux-x64-musl"]
checksum = "sha256:69ee169bd6387331928864e94d47ed01ef649fbfe875baed1bbf27b5377a6fdb"
url = "https://github.com/charmbracelet/gum/releases/download/v0.17.0/gum_0.17.0_Linux_x86_64.tar.gz"

[tools."aqua:gum"."platforms.macos-arm64"]
checksum = "sha256:e2a4b8596efa05821d8c58d0c1afbcd7ad1699ba69c689cc3ff23a4a99c8b237"
url = "https://github.com/charmbracelet/gum/releases/download/v0.17.0/gum_0.17.0_Darwin_arm64.tar.gz"

[tools."aqua:gum"."platforms.macos-x64"]
checksum = "sha256:cd66576aeebe6cd19c771863c7e8d696e0e1d5387d1e7075666baa67c2052e53"
url = "https://github.com/charmbracelet/gum/releases/download/v0.17.0/gum_0.17.0_Darwin_x86_64.tar.gz"

[tools."aqua:gum"."platforms.windows-x64"]
checksum = "sha256:b2be80531c6babc8d4e0e6ca95773d58118a2e1582ae006aace08dbc55503072"
url = "https://github.com/charmbracelet/gum/releases/download/v0.17.0/gum_0.17.0_Windows_x86_64.zip"

[[tools."aqua:lefthook"]]
version = "2.1.9"
backend = "aqua:lefthook"

[tools."aqua:lefthook"."platforms.linux-arm64"]
checksum = "sha256:d1bae1c9c26b35270dd675c93c33cecead885368ed078b3976ec23cdcedd28e8"
url = "https://github.com/evilmartians/lefthook/releases/download/v2.1.9/lefthook_2.1.9_Linux_aarch64.gz"
provenance = "github-attestations"

[tools."aqua:lefthook"."platforms.linux-arm64-musl"]
checksum = "sha256:d1bae1c9c26b35270dd675c93c33cecead885368ed078b3976ec23cdcedd28e8"
url = "https://github.com/evilmartians/lefthook/releases/download/v2.1.9/lefthook_2.1.9_Linux_aarch64.gz"
provenance = "github-attestations"

[tools."aqua:lefthook"."platforms.linux-x64"]
checksum = "sha256:e938f34bd05bafe1155888879a045ef4ee8cf5b4a56c9e5e9b0c2649f295636e"
url = "https://github.com/evilmartians/lefthook/releases/download/v2.1.9/lefthook_2.1.9_Linux_x86_64.gz"
provenance = "github-attestations"

[tools."aqua:lefthook"."platforms.linux-x64-musl"]
checksum = "sha256:e938f34bd05bafe1155888879a045ef4ee8cf5b4a56c9e5e9b0c2649f295636e"
url = "https://github.com/evilmartians/lefthook/releases/download/v2.1.9/lefthook_2.1.9_Linux_x86_64.gz"
provenance = "github-attestations"

[tools."aqua:lefthook"."platforms.macos-arm64"]
checksum = "sha256:808f8ef81a61e01eb41c1a2951e5639804f2372dc6a484bbeff726406745c77f"
url = "https://github.com/evilmartians/lefthook/releases/download/v2.1.9/lefthook_2.1.9_MacOS_arm64.gz"
provenance = "github-attestations"

[tools."aqua:lefthook"."platforms.macos-x64"]
checksum = "sha256:371c3c75cb07a8cdf41295596d3981adc1f92dee7795001f7d471e1f36fe2a0e"
url = "https://github.com/evilmartians/lefthook/releases/download/v2.1.9/lefthook_2.1.9_MacOS_x86_64.gz"
provenance = "github-attestations"

[tools."aqua:lefthook"."platforms.windows-x64"]
checksum = "sha256:1f29681dfbc36b9bdde52139cca6c4668ea4d51fd81e9127a3b78f49369db67e"
url = "https://github.com/evilmartians/lefthook/releases/download/v2.1.9/lefthook_2.1.9_Windows_x86_64.gz"
provenance = "github-attestations"

[[tools."aqua:shellcheck"]]
version = "0.11.0"
backend = "aqua:shellcheck"

[tools."aqua:shellcheck"."platforms.linux-arm64"]
checksum = "sha256:12b331c1d2db6b9eb13cfca64306b1b157a86eb69db83023e261eaa7e7c14588"
url = "https://github.com/koalaman/shellcheck/releases/download/v0.11.0/shellcheck-v0.11.0.linux.aarch64.tar.xz"

[tools."aqua:shellcheck"."platforms.linux-arm64-musl"]
checksum = "sha256:12b331c1d2db6b9eb13cfca64306b1b157a86eb69db83023e261eaa7e7c14588"
url = "https://github.com/koalaman/shellcheck/releases/download/v0.11.0/shellcheck-v0.11.0.linux.aarch64.tar.xz"

[tools."aqua:shellcheck"."platforms.linux-x64"]
checksum = "sha256:8c3be12b05d5c177a04c29e3c78ce89ac86f1595681cab149b65b97c4e227198"
url = "https://github.com/koalaman/shellcheck/releases/download/v0.11.0/shellcheck-v0.11.0.linux.x86_64.tar.xz"

[tools."aqua:shellcheck"."platforms.linux-x64-musl"]
checksum = "sha256:8c3be12b05d5c177a04c29e3c78ce89ac86f1595681cab149b65b97c4e227198"
url = "https://github.com/koalaman/shellcheck/releases/download/v0.11.0/shellcheck-v0.11.0.linux.x86_64.tar.xz"

[tools."aqua:shellcheck"."platforms.macos-arm64"]
checksum = "sha256:56affdd8de5527894dca6dc3d7e0a99a873b0f004d7aabc30ae407d3f48b0a79"
url = "https://github.com/koalaman/shellcheck/releases/download/v0.11.0/shellcheck-v0.11.0.darwin.aarch64.tar.xz"

[tools."aqua:shellcheck"."platforms.macos-x64"]
checksum = "sha256:3c89db4edcab7cf1c27bff178882e0f6f27f7afdf54e859fa041fca10febe4c6"
url = "https://github.com/koalaman/shellcheck/releases/download/v0.11.0/shellcheck-v0.11.0.darwin.x86_64.tar.xz"

[tools."aqua:shellcheck"."platforms.windows-x64"]
checksum = "sha256:8a4e35ab0b331c85d73567b12f2a444df187f483e5079ceffa6bda1faa2e740e"
url = "https://github.com/koalaman/shellcheck/releases/download/v0.11.0/shellcheck-v0.11.0.zip"

[[tools."aqua:tombi"]]
version = "1.1.1"
backend = "aqua:tombi"

[tools."aqua:tombi"."platforms.linux-arm64"]
checksum = "sha256:990aa9d963cb38aaa3cb327cca07420d3af601322eff3a6fe6ab4cdc3acc776a"
url = "https://github.com/tombi-toml/tombi/releases/download/v1.1.1/tombi-cli-1.1.1-aarch64-unknown-linux-musl.tar.gz"

[tools."aqua:tombi"."platforms.linux-arm64-musl"]
checksum = "sha256:990aa9d963cb38aaa3cb327cca07420d3af601322eff3a6fe6ab4cdc3acc776a"
url = "https://github.com/tombi-toml/tombi/releases/download/v1.1.1/tombi-cli-1.1.1-aarch64-unknown-linux-musl.tar.gz"

[tools."aqua:tombi"."platforms.linux-x64"]
checksum = "sha256:6b01a72fbf67eb158a2efc72f7081756d87e2397054e0faf4de4b36478813342"
url = "https://github.com/tombi-toml/tombi/releases/download/v1.1.1/tombi-cli-1.1.1-x86_64-unknown-linux-musl.tar.gz"

[tools."aqua:tombi"."platforms.linux-x64-musl"]
checksum = "sha256:6b01a72fbf67eb158a2efc72f7081756d87e2397054e0faf4de4b36478813342"
url = "https://github.com/tombi-toml/tombi/releases/download/v1.1.1/tombi-cli-1.1.1-x86_64-unknown-linux-musl.tar.gz"

[tools."aqua:tombi"."platforms.macos-arm64"]
checksum = "sha256:3e675cbae672e37c9158f2a29cfd03033b912742cde6105cb3cbffd156488fb1"
url = "https://github.com/tombi-toml/tombi/releases/download/v1.1.1/tombi-cli-1.1.1-aarch64-apple-darwin.tar.gz"

[tools."aqua:tombi"."platforms.macos-x64"]
checksum = "sha256:f4c70cfb7b1ada225df2b996ba97820a80dd9704484945f57fc18ad8fa18d9c6"
url = "https://github.com/tombi-toml/tombi/releases/download/v1.1.1/tombi-cli-1.1.1-x86_64-apple-darwin.tar.gz"

[tools."aqua:tombi"."platforms.windows-x64"]
checksum = "sha256:e899a3ae3a9361456061676b6264a5db0d4bb3e7d45e8890265d0ab5906439d1"
url = "https://github.com/tombi-toml/tombi/releases/download/v1.1.1/tombi-cli-1.1.1-x86_64-pc-windows-msvc.zip"

[[tools."aqua:uv"]]
version = "0.11.17"
backend = "aqua:uv"

[tools."aqua:uv"."platforms.linux-arm64"]
checksum = "sha256:9e5eaf16ffad968fc689f18c2733ace914ed417d4e5572e92d807fd51a90228c"
url = "https://github.com/astral-sh/uv/releases/download/0.11.17/uv-aarch64-unknown-linux-musl.tar.gz"
provenance = "github-attestations"

[tools."aqua:uv"."platforms.linux-arm64-musl"]
checksum = "sha256:9e5eaf16ffad968fc689f18c2733ace914ed417d4e5572e92d807fd51a90228c"
url = "https://github.com/astral-sh/uv/releases/download/0.11.17/uv-aarch64-unknown-linux-musl.tar.gz"
provenance = "github-attestations"

[tools."aqua:uv"."platforms.linux-x64"]
checksum = "sha256:4231a429d4e0f7c1937d8916658c08a7706cd7872afebeb87203a18c2e0dc28e"
url = "https://github.com/astral-sh/uv/releases/download/0.11.17/uv-x86_64-unknown-linux-musl.tar.gz"
provenance = "github-attestations"

[tools."aqua:uv"."platforms.linux-x64-musl"]
checksum = "sha256:4231a429d4e0f7c1937d8916658c08a7706cd7872afebeb87203a18c2e0dc28e"
url = "https://github.com/astral-sh/uv/releases/download/0.11.17/uv-x86_64-unknown-linux-musl.tar.gz"
provenance = "github-attestations"

[tools."aqua:uv"."platforms.macos-arm64"]
checksum = "sha256:2a162f6b90ff3691a2f9cae1622e066a3ce592e110f66670cdcc841324b28226"
url = "https://github.com/astral-sh/uv/releases/download/0.11.17/uv-aarch64-apple-darwin.tar.gz"
provenance = "github-attestations"

[tools."aqua:uv"."platforms.macos-x64"]
checksum = "sha256:6c66e41eaf4d15abeda58d3f268161b6e3f742d98390341b174a7cfc1b48841d"
url = "https://github.com/astral-sh/uv/releases/download/0.11.17/uv-x86_64-apple-darwin.tar.gz"
provenance = "github-attestations"

[tools."aqua:uv"."platforms.windows-x64"]
checksum = "sha256:35fc29e03e62f3cda769bc12773f3cb70ce305d0d36c0d8bd0c117dd0b3fcd14"
url = "https://github.com/astral-sh/uv/releases/download/0.11.17/uv-x86_64-pc-windows-msvc.zip"
provenance = "github-attestations"

[[tools."aqua:yq"]]
version = "4.53.2"
backend = "aqua:yq"

[tools."aqua:yq"."platforms.linux-arm64"]
checksum = "sha256:03061b2a50c7a498de2bbb92d7cb078ce433011f085a4994117c2726be4106ea"
url = "https://github.com/mikefarah/yq/releases/download/v4.53.2/yq_linux_arm64"

[tools."aqua:yq"."platforms.linux-arm64-musl"]
checksum = "sha256:03061b2a50c7a498de2bbb92d7cb078ce433011f085a4994117c2726be4106ea"
url = "https://github.com/mikefarah/yq/releases/download/v4.53.2/yq_linux_arm64"

[tools."aqua:yq"."platforms.linux-x64"]
checksum = "sha256:d56bf5c6819e8e696340c312bd70f849dc1678a7cda9c2ad63eebd906371d56b"
url = "https://github.com/mikefarah/yq/releases/download/v4.53.2/yq_linux_amd64"

[tools."aqua:yq"."platforms.linux-x64-musl"]
checksum = "sha256:d56bf5c6819e8e696340c312bd70f849dc1678a7cda9c2ad63eebd906371d56b"
url = "https://github.com/mikefarah/yq/releases/download/v4.53.2/yq_linux_amd64"

[tools."aqua:yq"."platforms.macos-arm64"]
checksum = "sha256:541ba2287560df70f561955e2d7f7e1cd00cf2a15a884f6b5c87a4bfa887bc07"
url = "https://github.com/mikefarah/yq/releases/download/v4.53.2/yq_darwin_arm64"

[tools."aqua:yq"."platforms.macos-x64"]
checksum = "sha256:616b0a0f6a5b79d746f05a169c2b9bb40dee00c605ef165b9a1c1681bba738ac"
url = "https://github.com/mikefarah/yq/releases/download/v4.53.2/yq_darwin_amd64"

[tools."aqua:yq"."platforms.windows-x64"]
checksum = "sha256:2aee32f1de46a20672f48c25df3018839798bd509143f2ce05fdab1550ff5592"
url = "https://github.com/mikefarah/yq/releases/download/v4.53.2/yq_windows_amd64.exe"

[[tools."github:home-operations/flate"]]
version = "0.2.6"
backend = "github:home-operations/flate"

[tools."github:home-operations/flate"."platforms.linux-arm64"]
checksum = "sha256:7c76633d2f41da9bcc302b5bba0d53c3b7bc872b529c3ce46becf85ec4bc0675"
url = "https://github.com/home-operations/flate/releases/download/0.2.6/flate_0.2.6_linux_arm64.tar.gz"
url_api = "https://api.github.com/repos/home-operations/flate/releases/assets/436790858"

[tools."github:home-operations/flate"."platforms.linux-arm64-musl"]
checksum = "sha256:7c76633d2f41da9bcc302b5bba0d53c3b7bc872b529c3ce46becf85ec4bc0675"
url = "https://github.com/home-operations/flate/releases/download/0.2.6/flate_0.2.6_linux_arm64.tar.gz"
url_api = "https://api.github.com/repos/home-operations/flate/releases/assets/436790858"

[tools."github:home-operations/flate"."platforms.linux-x64"]
checksum = "sha256:97025f302eca79f1f5ee2258bb9f052a88c172ba3de50909e0ca8d65e8be6d73"
url = "https://github.com/home-operations/flate/releases/download/0.2.6/flate_0.2.6_linux_amd64.tar.gz"
url_api = "https://api.github.com/repos/home-operations/flate/releases/assets/436790859"

[tools."github:home-operations/flate"."platforms.linux-x64-musl"]
checksum = "sha256:97025f302eca79f1f5ee2258bb9f052a88c172ba3de50909e0ca8d65e8be6d73"
url = "https://github.com/home-operations/flate/releases/download/0.2.6/flate_0.2.6_linux_amd64.tar.gz"
url_api = "https://api.github.com/repos/home-operations/flate/releases/assets/436790859"

[tools."github:home-operations/flate"."platforms.macos-arm64"]
checksum = "sha256:b38bdffecc7808c461b54ea00b03e4504a160588e9345094a7b264aa223a2d69"
url = "https://github.com/home-operations/flate/releases/download/0.2.6/flate_0.2.6_darwin_arm64.tar.gz"
url_api = "https://api.github.com/repos/home-operations/flate/releases/assets/436790856"

[tools."github:home-operations/flate"."platforms.macos-x64"]
checksum = "sha256:2696f04b304f21ecfc2389c82126b4cbcc2cffcddb5fa16f9cdf4ac2c95241d1"
url = "https://github.com/home-operations/flate/releases/download/0.2.6/flate_0.2.6_darwin_amd64.tar.gz"
url_api = "https://api.github.com/repos/home-operations/flate/releases/assets/436790869"

[tools."github:home-operations/flate"."platforms.windows-x64"]
checksum = "sha256:986289a729e626697a17cdeb9623e137aa25c0a2d0aa9ae88aab4dfd126ba0b2"
url = "https://github.com/home-operations/flate/releases/download/0.2.6/flate_0.2.6_windows_amd64.zip"
url_api = "https://api.github.com/repos/home-operations/flate/releases/assets/436790857"

[[tools.glab]]
version = "1.101.0"
backend = "gitlab:gitlab-org/cli"

[tools.glab."platforms.linux-arm64"]
checksum = "sha256:201cca73881e09d17c7c45801dee4541a9f999ebd9348abc44e0caac7787464b"
url = "https://gitlab.com/gitlab-org/cli/-/releases/v1.101.0/downloads/glab_1.101.0_linux_arm64.tar.gz"
url_api = "https://gitlab.com/api/v4/projects/gitlab-org%2Fcli/packages/generic/glab/1%2E101%2E0/glab_1%2E101%2E0_linux_arm64%2Etar%2Egz"

[tools.glab."platforms.linux-arm64-musl"]
checksum = "sha256:201cca73881e09d17c7c45801dee4541a9f999ebd9348abc44e0caac7787464b"
url = "https://gitlab.com/gitlab-org/cli/-/releases/v1.101.0/downloads/glab_1.101.0_linux_arm64.tar.gz"
url_api = "https://gitlab.com/api/v4/projects/gitlab-org%2Fcli/packages/generic/glab/1%2E101%2E0/glab_1%2E101%2E0_linux_arm64%2Etar%2Egz"

[tools.glab."platforms.linux-x64"]
checksum = "sha256:f8f40309a622416b769a455a85509bae7800070cd023466f2d33d8ee82f3fc61"
url = "https://gitlab.com/gitlab-org/cli/-/releases/v1.101.0/downloads/glab_1.101.0_linux_amd64.tar.gz"
url_api = "https://gitlab.com/api/v4/projects/gitlab-org%2Fcli/packages/generic/glab/1%2E101%2E0/glab_1%2E101%2E0_linux_amd64%2Etar%2Egz"

[tools.glab."platforms.linux-x64-musl"]
checksum = "sha256:f8f40309a622416b769a455a85509bae7800070cd023466f2d33d8ee82f3fc61"
url = "https://gitlab.com/gitlab-org/cli/-/releases/v1.101.0/downloads/glab_1.101.0_linux_amd64.tar.gz"
url_api = "https://gitlab.com/api/v4/projects/gitlab-org%2Fcli/packages/generic/glab/1%2E101%2E0/glab_1%2E101%2E0_linux_amd64%2Etar%2Egz"

[tools.glab."platforms.macos-arm64"]
checksum = "sha256:7d4c86ffec2b67267adccba7a57738a7ed8a8000c1a674cb1259464c0af7f76f"
url = "https://gitlab.com/gitlab-org/cli/-/releases/v1.101.0/downloads/glab_1.101.0_darwin_arm64.tar.gz"
url_api = "https://gitlab.com/api/v4/projects/gitlab-org%2Fcli/packages/generic/glab/1%2E101%2E0/glab_1%2E101%2E0_darwin_arm64%2Etar%2Egz"

[tools.glab."platforms.macos-x64"]
checksum = "sha256:f9cf082bbbf9a4e4b2c9a8ff3d3ebd0b93c1e2a82134d5248e5e7e2f7490bf10"
url = "https://gitlab.com/gitlab-org/cli/-/releases/v1.101.0/downloads/glab_1.101.0_darwin_amd64.tar.gz"
url_api = "https://gitlab.com/api/v4/projects/gitlab-org%2Fcli/packages/generic/glab/1%2E101%2E0/glab_1%2E101%2E0_darwin_amd64%2Etar%2Egz"

[tools.glab."platforms.windows-x64"]
checksum = "sha256:d5df286b54cc9e5e3f7babc1e9cdf56a6b3ce822131e78c8f904d76bac59ebaa"
url = "https://gitlab.com/gitlab-org/cli/-/releases/v1.101.0/downloads/glab_1.101.0_windows_amd64.zip"
url_api = "https://gitlab.com/api/v4/projects/gitlab-org%2Fcli/packages/generic/glab/1%2E101%2E0/glab_1%2E101%2E0_windows_amd64%2Ezip"

[[tools.jq]]
version = "1.8.1"
backend = "aqua:jqlang/jq"

[tools.jq."platforms.linux-arm64"]
checksum = "sha256:6bc62f25981328edd3cfcfe6fe51b073f2d7e7710d7ef7fcdac28d4e384fc3d4"
url = "https://github.com/jqlang/jq/releases/download/jq-1.8.1/jq-linux-arm64"
provenance = "github-attestations"

[tools.jq."platforms.linux-arm64-musl"]
checksum = "sha256:6bc62f25981328edd3cfcfe6fe51b073f2d7e7710d7ef7fcdac28d4e384fc3d4"
url = "https://github.com/jqlang/jq/releases/download/jq-1.8.1/jq-linux-arm64"
provenance = "github-attestations"

[tools.jq."platforms.linux-x64"]
checksum = "sha256:020468de7539ce70ef1bceaf7cde2e8c4f2ca6c3afb84642aabc5c97d9fc2a0d"
url = "https://github.com/jqlang/jq/releases/download/jq-1.8.1/jq-linux-amd64"
provenance = "github-attestations"

[tools.jq."platforms.linux-x64-musl"]
checksum = "sha256:020468de7539ce70ef1bceaf7cde2e8c4f2ca6c3afb84642aabc5c97d9fc2a0d"
url = "https://github.com/jqlang/jq/releases/download/jq-1.8.1/jq-linux-amd64"
provenance = "github-attestations"

[tools.jq."platforms.macos-arm64"]
checksum = "sha256:a9fe3ea2f86dfc72f6728417521ec9067b343277152b114f4e98d8cb0e263603"
url = "https://github.com/jqlang/jq/releases/download/jq-1.8.1/jq-macos-arm64"
provenance = "github-attestations"

[tools.jq."platforms.macos-x64"]
checksum = "sha256:e80dbe0d2a2597e3c11c404f03337b981d74b4a8504b70586c354b7697a7c27f"
url = "https://github.com/jqlang/jq/releases/download/jq-1.8.1/jq-macos-amd64"
provenance = "github-attestations"

[tools.jq."platforms.windows-x64"]
checksum = "sha256:23cb60a1354eed6bcc8d9b9735e8c7b388cd1fdcb75726b93bc299ef22dd9334"
url = "https://github.com/jqlang/jq/releases/download/jq-1.8.1/jq-windows-amd64.exe"
provenance = "github-attestations"

[[tools.taplo]]
version = "0.10.0"
backend = "aqua:tamasfe/taplo"

[tools.taplo."platforms.linux-arm64"]
url = "https://github.com/tamasfe/taplo/releases/download/0.10.0/taplo-linux-aarch64.gz"

[tools.taplo."platforms.linux-arm64-musl"]
url = "https://github.com/tamasfe/taplo/releases/download/0.10.0/taplo-linux-aarch64.gz"

[tools.taplo."platforms.linux-x64"]
url = "https://github.com/tamasfe/taplo/releases/download/0.10.0/taplo-linux-x86_64.gz"

[tools.taplo."platforms.linux-x64-musl"]
url = "https://github.com/tamasfe/taplo/releases/download/0.10.0/taplo-linux-x86_64.gz"

[tools.taplo."platforms.macos-arm64"]
url = "https://github.com/tamasfe/taplo/releases/download/0.10.0/taplo-darwin-aarch64.gz"

[tools.taplo."platforms.macos-x64"]
url = "https://github.com/tamasfe/taplo/releases/download/0.10.0/taplo-darwin-x86_64.gz"

[tools.taplo."platforms.windows-x64"]
url = "https://github.com/tamasfe/taplo/releases/download/0.10.0/taplo-windows-x86_64.zip"
