# @generated - this file is auto-generated by `mise lock` https://mise.jdx.dev/dev-tools/mise-lock.html

[[tools.hk]]
version = "1.50.0"
backend = "aqua:jdx/hk"

[tools.hk."platforms.linux-arm64"]
checksum = "sha256:759f782c24db20954b471de64b0aaf1b10157ed0aa1b64eca9b8f6dc4f7cfc0b"
url = "https://github.com/jdx/hk/releases/download/v1.50.0/hk-aarch64-unknown-linux-gnu.tar.gz"
url_api = "https://api.github.com/repos/jdx/hk/releases/assets/468492723"

[tools.hk."platforms.linux-arm64-musl"]
checksum = "sha256:072ce468ec07d31797e2d08e96f5fd036ff220a5d8a97584eea3b7d780072c95"
url = "https://github.com/jdx/hk/releases/download/v1.50.0/hk-aarch64-unknown-linux-musl.tar.gz"
url_api = "https://api.github.com/repos/jdx/hk/releases/assets/468492724"

[tools.hk."platforms.linux-x64"]
checksum = "sha256:a86a19b51277401410fcfad76f650b5172882d91a6e624a63b9e20f81a6476bc"
url = "https://github.com/jdx/hk/releases/download/v1.50.0/hk-x86_64-unknown-linux-gnu.tar.gz"
url_api = "https://api.github.com/repos/jdx/hk/releases/assets/468492733"

[tools.hk."platforms.linux-x64-musl"]
checksum = "sha256:cd49292560a497058a615a1c5537af131df73d893773cdd612585274db138c58"
url = "https://github.com/jdx/hk/releases/download/v1.50.0/hk-x86_64-unknown-linux-musl.tar.gz"
url_api = "https://api.github.com/repos/jdx/hk/releases/assets/468492735"

[tools.hk."platforms.macos-arm64"]
checksum = "sha256:0e11012d1106350774de880bfc54e5b2fef77b1a1b7bf51e09f4b1423e9cb39b"
url = "https://github.com/jdx/hk/releases/download/v1.50.0/hk-aarch64-apple-darwin.tar.gz"
url_api = "https://api.github.com/repos/jdx/hk/releases/assets/468492721"

[tools.hk."platforms.windows-x64"]
checksum = "sha256:19055e34af501a3cb7568b55f31ea4f0e38760d518b79e17d71fdd39ba0882eb"
url = "https://github.com/jdx/hk/releases/download/v1.50.0/hk-x86_64-pc-windows-msvc.zip"
url_api = "https://api.github.com/repos/jdx/hk/releases/assets/468492725"

[[tools.oxfmt]]
version = "0.58.0"
backend = "npm:oxfmt"

[[tools.pinact]]
version = "4.1.0"
backend = "aqua:suzuki-shunsuke/pinact"

[tools.pinact."platforms.linux-arm64"]
checksum = "sha256:2807669cd423a3572bc12ea4a5eab80cd2f30d5644710e0c97a08a075fdadf10"
url = "https://github.com/suzuki-shunsuke/pinact/releases/download/v4.1.0/pinact_linux_arm64.tar.gz"
url_api = "https://api.github.com/repos/suzuki-shunsuke/pinact/releases/assets/442249970"
provenance = "github-attestations"

[tools.pinact."platforms.linux-arm64-musl"]
checksum = "sha256:2807669cd423a3572bc12ea4a5eab80cd2f30d5644710e0c97a08a075fdadf10"
url = "https://github.com/suzuki-shunsuke/pinact/releases/download/v4.1.0/pinact_linux_arm64.tar.gz"
url_api = "https://api.github.com/repos/suzuki-shunsuke/pinact/releases/assets/442249970"
provenance = "github-attestations"

[tools.pinact."platforms.linux-x64"]
checksum = "sha256:8fcbf1b3e95551c82fd995535e3c1defa70e23299ce36eb3afd6c98778de6ca0"
url = "https://github.com/suzuki-shunsuke/pinact/releases/download/v4.1.0/pinact_linux_amd64.tar.gz"
url_api = "https://api.github.com/repos/suzuki-shunsuke/pinact/releases/assets/442249966"
provenance = "github-attestations"

[tools.pinact."platforms.linux-x64-musl"]
checksum = "sha256:8fcbf1b3e95551c82fd995535e3c1defa70e23299ce36eb3afd6c98778de6ca0"
url = "https://github.com/suzuki-shunsuke/pinact/releases/download/v4.1.0/pinact_linux_amd64.tar.gz"
url_api = "https://api.github.com/repos/suzuki-shunsuke/pinact/releases/assets/442249966"
provenance = "github-attestations"

[tools.pinact."platforms.macos-arm64"]
checksum = "sha256:b670063ccfa178cdb5c7107d14e3de896f10b93edcc7dbe38b840cb99f2536db"
url = "https://github.com/suzuki-shunsuke/pinact/releases/download/v4.1.0/pinact_darwin_arm64.tar.gz"
url_api = "https://api.github.com/repos/suzuki-shunsuke/pinact/releases/assets/442249963"
provenance = "github-attestations"

[tools.pinact."platforms.macos-x64"]
checksum = "sha256:6338d0220a28093c2c6916a047eea8a17f4ba03a8562010dc8e942b2a2884364"
url = "https://github.com/suzuki-shunsuke/pinact/releases/download/v4.1.0/pinact_darwin_amd64.tar.gz"
url_api = "https://api.github.com/repos/suzuki-shunsuke/pinact/releases/assets/442249961"
provenance = "github-attestations"

[tools.pinact."platforms.windows-x64"]
checksum = "sha256:de04e9612a50cb7b0263d162400305ea02fc85410c38887d1be7446a7c5d5dc6"
url = "https://github.com/suzuki-shunsuke/pinact/releases/download/v4.1.0/pinact_windows_amd64.zip"
url_api = "https://api.github.com/repos/suzuki-shunsuke/pinact/releases/assets/442249974"
provenance = "github-attestations"

[[tools.yamllint]]
version = "1.38.0"
backend = "pipx:yamllint"
