# @generated - this file is auto-generated by `mise lock` https://mise.en.dev/dev-tools/mise-lock.html

[[tools."github:home-operations/flate"]]
version = "0.3.2"
backend = "github:home-operations/flate"

[tools."github:home-operations/flate"."platforms.linux-arm64"]
checksum = "sha256:6ea09eeaa4a0122e6585c7fc2aa8d81fdc19c8c8801948542d06411921a80253"
url = "https://github.com/home-operations/flate/releases/download/v0.3.2/flate_0.3.2_linux_arm64.tar.gz"
url_api = "https://api.github.com/repos/home-operations/flate/releases/assets/440611238"

[tools."github:home-operations/flate"."platforms.linux-arm64-musl"]
checksum = "sha256:6ea09eeaa4a0122e6585c7fc2aa8d81fdc19c8c8801948542d06411921a80253"
url = "https://github.com/home-operations/flate/releases/download/v0.3.2/flate_0.3.2_linux_arm64.tar.gz"
url_api = "https://api.github.com/repos/home-operations/flate/releases/assets/440611238"

[tools."github:home-operations/flate"."platforms.linux-x64"]
checksum = "sha256:3865a6da10943cf5df37db8e1560fdc19e09a24034399c9f423a5d27f2509429"
url = "https://github.com/home-operations/flate/releases/download/v0.3.2/flate_0.3.2_linux_amd64.tar.gz"
url_api = "https://api.github.com/repos/home-operations/flate/releases/assets/440611237"

[tools."github:home-operations/flate"."platforms.linux-x64-musl"]
checksum = "sha256:3865a6da10943cf5df37db8e1560fdc19e09a24034399c9f423a5d27f2509429"
url = "https://github.com/home-operations/flate/releases/download/v0.3.2/flate_0.3.2_linux_amd64.tar.gz"
url_api = "https://api.github.com/repos/home-operations/flate/releases/assets/440611237"

[tools."github:home-operations/flate"."platforms.macos-arm64"]
checksum = "sha256:359bc8c20dd90c0b80b6be6722b50c3fa1b3a6ab42ab605442df767606eb6716"
url = "https://github.com/home-operations/flate/releases/download/v0.3.2/flate_0.3.2_darwin_arm64.tar.gz"
url_api = "https://api.github.com/repos/home-operations/flate/releases/assets/440611239"

[tools."github:home-operations/flate"."platforms.macos-x64"]
checksum = "sha256:f9dfcdcf453431b2d678dd6e10fc74e90c0f3f3e0740a2ea05bd87873c902a2a"
url = "https://github.com/home-operations/flate/releases/download/v0.3.2/flate_0.3.2_darwin_amd64.tar.gz"
url_api = "https://api.github.com/repos/home-operations/flate/releases/assets/440611243"

[tools."github:home-operations/flate"."platforms.windows-x64"]
checksum = "sha256:b8865e008d25455ee263dbc2188d7cc84c520586b2c4b378fedac5359c67eabb"
url = "https://github.com/home-operations/flate/releases/download/v0.3.2/flate_0.3.2_windows_amd64.zip"
url_api = "https://api.github.com/repos/home-operations/flate/releases/assets/440611240"

[[tools.glab]]
version = "1.101.0"
backend = "gitlab:gitlab-org/cli"

[tools.glab."platforms.linux-arm64"]
checksum = "sha256:201cca73881e09d17c7c45801dee4541a9f999ebd9348abc44e0caac7787464b"
url = "https://gitlab.com/gitlab-org/cli/-/releases/v1.101.0/downloads/glab_1.101.0_linux_arm64.tar.gz"
url_api = "https://gitlab.com/api/v4/projects/gitlab-org%2Fcli/packages/generic/glab/1%2E101%2E0/glab_1%2E101%2E0_linux_arm64%2Etar%2Egz"

[tools.glab."platforms.linux-arm64-musl"]
checksum = "sha256:201cca73881e09d17c7c45801dee4541a9f999ebd9348abc44e0caac7787464b"
url = "https://gitlab.com/gitlab-org/cli/-/releases/v1.101.0/downloads/glab_1.101.0_linux_arm64.tar.gz"
url_api = "https://gitlab.com/api/v4/projects/gitlab-org%2Fcli/packages/generic/glab/1%2E101%2E0/glab_1%2E101%2E0_linux_arm64%2Etar%2Egz"

[tools.glab."platforms.linux-x64"]
checksum = "sha256:f8f40309a622416b769a455a85509bae7800070cd023466f2d33d8ee82f3fc61"
url = "https://gitlab.com/gitlab-org/cli/-/releases/v1.101.0/downloads/glab_1.101.0_linux_amd64.tar.gz"
url_api = "https://gitlab.com/api/v4/projects/gitlab-org%2Fcli/packages/generic/glab/1%2E101%2E0/glab_1%2E101%2E0_linux_amd64%2Etar%2Egz"

[tools.glab."platforms.linux-x64-musl"]
checksum = "sha256:f8f40309a622416b769a455a85509bae7800070cd023466f2d33d8ee82f3fc61"
url = "https://gitlab.com/gitlab-org/cli/-/releases/v1.101.0/downloads/glab_1.101.0_linux_amd64.tar.gz"
url_api = "https://gitlab.com/api/v4/projects/gitlab-org%2Fcli/packages/generic/glab/1%2E101%2E0/glab_1%2E101%2E0_linux_amd64%2Etar%2Egz"

[tools.glab."platforms.macos-arm64"]
checksum = "sha256:7d4c86ffec2b67267adccba7a57738a7ed8a8000c1a674cb1259464c0af7f76f"
url = "https://gitlab.com/gitlab-org/cli/-/releases/v1.101.0/downloads/glab_1.101.0_darwin_arm64.tar.gz"
url_api = "https://gitlab.com/api/v4/projects/gitlab-org%2Fcli/packages/generic/glab/1%2E101%2E0/glab_1%2E101%2E0_darwin_arm64%2Etar%2Egz"

[tools.glab."platforms.macos-x64"]
checksum = "sha256:f9cf082bbbf9a4e4b2c9a8ff3d3ebd0b93c1e2a82134d5248e5e7e2f7490bf10"
url = "https://gitlab.com/gitlab-org/cli/-/releases/v1.101.0/downloads/glab_1.101.0_darwin_amd64.tar.gz"
url_api = "https://gitlab.com/api/v4/projects/gitlab-org%2Fcli/packages/generic/glab/1%2E101%2E0/glab_1%2E101%2E0_darwin_amd64%2Etar%2Egz"

[tools.glab."platforms.windows-x64"]
checksum = "sha256:d5df286b54cc9e5e3f7babc1e9cdf56a6b3ce822131e78c8f904d76bac59ebaa"
url = "https://gitlab.com/gitlab-org/cli/-/releases/v1.101.0/downloads/glab_1.101.0_windows_amd64.zip"
url_api = "https://gitlab.com/api/v4/projects/gitlab-org%2Fcli/packages/generic/glab/1%2E101%2E0/glab_1%2E101%2E0_windows_amd64%2Ezip"

[[tools.hk]]
version = "1.46.0"
backend = "aqua:jdx/hk"

[tools.hk."platforms.linux-arm64"]
checksum = "sha256:bad1b4e52cce2147646d943baa06a7bdb3d182ae0876853897a72225626411ae"
url = "https://github.com/jdx/hk/releases/download/v1.46.0/hk-aarch64-unknown-linux-gnu.tar.gz"

[tools.hk."platforms.linux-arm64-musl"]
checksum = "sha256:ad11b69485096ec5b1822f5bad298d2a44664b85d10d0308c812473b17b1321a"
url = "https://github.com/jdx/hk/releases/download/v1.46.0/hk-aarch64-unknown-linux-musl.tar.gz"

[tools.hk."platforms.linux-x64"]
checksum = "sha256:85b2cc167443cd27b49e323ef9b9d1a946d4bc18196eccb66112842d30fb90cb"
url = "https://github.com/jdx/hk/releases/download/v1.46.0/hk-x86_64-unknown-linux-gnu.tar.gz"

[tools.hk."platforms.linux-x64-musl"]
checksum = "sha256:4ff45e1bfc9672b1b00572b4a50fac3b57e4add622ed56e9e2587745299932eb"
url = "https://github.com/jdx/hk/releases/download/v1.46.0/hk-x86_64-unknown-linux-musl.tar.gz"

[tools.hk."platforms.macos-arm64"]
checksum = "sha256:9db3fac25754cfb929dc3f92b294fffdb966d4e838b8e0adeaf5b9b7eccc4f6c"
url = "https://github.com/jdx/hk/releases/download/v1.46.0/hk-aarch64-apple-darwin.tar.gz"

[tools.hk."platforms.windows-x64"]
checksum = "sha256:5af7e769acb7f70d8630ed53ae1fb2cc4b205117f29df5d83619fa0ff72a3bf1"
url = "https://github.com/jdx/hk/releases/download/v1.46.0/hk-x86_64-pc-windows-msvc.zip"

[[tools.jq]]
version = "1.8.1"
backend = "aqua:jqlang/jq"

[tools.jq."platforms.linux-arm64"]
checksum = "sha256:6bc62f25981328edd3cfcfe6fe51b073f2d7e7710d7ef7fcdac28d4e384fc3d4"
url = "https://github.com/jqlang/jq/releases/download/jq-1.8.1/jq-linux-arm64"
provenance = "github-attestations"

[tools.jq."platforms.linux-arm64-musl"]
checksum = "sha256:6bc62f25981328edd3cfcfe6fe51b073f2d7e7710d7ef7fcdac28d4e384fc3d4"
url = "https://github.com/jqlang/jq/releases/download/jq-1.8.1/jq-linux-arm64"
provenance = "github-attestations"

[tools.jq."platforms.linux-x64"]
checksum = "sha256:020468de7539ce70ef1bceaf7cde2e8c4f2ca6c3afb84642aabc5c97d9fc2a0d"
url = "https://github.com/jqlang/jq/releases/download/jq-1.8.1/jq-linux-amd64"
provenance = "github-attestations"

[tools.jq."platforms.linux-x64-musl"]
checksum = "sha256:020468de7539ce70ef1bceaf7cde2e8c4f2ca6c3afb84642aabc5c97d9fc2a0d"
url = "https://github.com/jqlang/jq/releases/download/jq-1.8.1/jq-linux-amd64"
provenance = "github-attestations"

[tools.jq."platforms.macos-arm64"]
checksum = "sha256:a9fe3ea2f86dfc72f6728417521ec9067b343277152b114f4e98d8cb0e263603"
url = "https://github.com/jqlang/jq/releases/download/jq-1.8.1/jq-macos-arm64"
provenance = "github-attestations"

[tools.jq."platforms.macos-x64"]
checksum = "sha256:e80dbe0d2a2597e3c11c404f03337b981d74b4a8504b70586c354b7697a7c27f"
url = "https://github.com/jqlang/jq/releases/download/jq-1.8.1/jq-macos-amd64"
provenance = "github-attestations"

[tools.jq."platforms.windows-x64"]
checksum = "sha256:23cb60a1354eed6bcc8d9b9735e8c7b388cd1fdcb75726b93bc299ef22dd9334"
url = "https://github.com/jqlang/jq/releases/download/jq-1.8.1/jq-windows-amd64.exe"
provenance = "github-attestations"

[[tools.uv]]
version = "0.11.19"
backend = "asdf:uv"

[[tools.yamllint]]
version = "1.38.0"
backend = "pipx:yamllint"
